
Microsoft Visual Studio Solution File, Format Version 12.00
# Visual Studio Version 17
VisualStudioVersion = 17.7.34202.233
MinimumVisualStudioVersion = 10.0.40219.1
Project("{9A19103F-16F7-4668-BE54-9A1E7A4F7556}") = "Ejercicios", "Ejercicios\Ejercicios.csproj", "{0DE2EF13-17B9-4087-A1AC-18FCE0069B59}"
EndProject
Project("{9A19103F-16F7-4668-BE54-9A1E7A4F7556}") = "Entities", "Entities\Entities.csproj", "{8C6E129D-AC41-4A38-AAFD-70953D6C185A}"
EndProject
Project("{9A19103F-16F7-4668-BE54-9A1E7A4F7556}") = "DAL", "DAL\DAL.csproj", "{0CF6AC1F-46EE-4763-AD9F-81F56243E0DD}"
EndProject
Project("{FAE04EC0-301F-11D3-BF4B-00C04F79EFBC}") = "BL", "BL\BL.csproj", "{ABBA0563-3ED2-4E88-937D-763945854C81}"
EndProject
Global
	GlobalSection(SolutionConfigurationPlatforms) = preSolution
		Debug|Any CPU = Debug|Any CPU
		Release|Any CPU = Release|Any CPU
	EndGlobalSection
	GlobalSection(ProjectConfigurationPlatforms) = postSolution
		{0DE2EF13-17B9-4087-A1AC-18FCE0069B59}.Debug|Any CPU.ActiveCfg = Debug|Any CPU
		{0DE2EF13-17B9-4087-A1AC-18FCE0069B59}.Debug|Any CPU.Build.0 = Debug|Any CPU
		{0DE2EF13-17B9-4087-A1AC-18FCE0069B59}.Release|Any CPU.ActiveCfg = Release|Any CPU
		{0DE2EF13-17B9-4087-A1AC-18FCE0069B59}.Release|Any CPU.Build.0 = Release|Any CPU
		{8C6E129D-AC41-4A38-AAFD-70953D6C185A}.Debug|Any CPU.ActiveCfg = Debug|Any CPU
		{8C6E129D-AC41-4A38-AAFD-70953D6C185A}.Debug|Any CPU.Build.0 = Debug|Any CPU
		{8C6E129D-AC41-4A38-AAFD-70953D6C185A}.Release|Any CPU.ActiveCfg = Release|Any CPU
		{8C6E129D-AC41-4A38-AAFD-70953D6C185A}.Release|Any CPU.Build.0 = Release|Any CPU
		{0CF6AC1F-46EE-4763-AD9F-81F56243E0DD}.Debug|Any CPU.ActiveCfg = Debug|Any CPU
		{0CF6AC1F-46EE-4763-AD9F-81F56243E0DD}.Debug|Any CPU.Build.0 = Debug|Any CPU
		{0CF6AC1F-46EE-4763-AD9F-81F56243E0DD}.Release|Any CPU.ActiveCfg = Release|Any CPU
		{0CF6AC1F-46EE-4763-AD9F-81F56243E0DD}.Release|Any CPU.Build.0 = Release|Any CPU
		{ABBA0563-3ED2-4E88-937D-763945854C81}.Debug|Any CPU.ActiveCfg = Debug|Any CPU
		{ABBA0563-3ED2-4E88-937D-763945854C81}.Debug|Any CPU.Build.0 = Debug|Any CPU
		{ABBA0563-3ED2-4E88-937D-763945854C81}.Release|Any CPU.ActiveCfg = Release|Any CPU
		{ABBA0563-3ED2-4E88-937D-763945854C81}.Release|Any CPU.Build.0 = Release|Any CPU
	EndGlobalSection
	GlobalSection(SolutionProperties) = preSolution
		HideSolutionNode = FALSE
	EndGlobalSection
	GlobalSection(ExtensibilityGlobals) = postSolution
		SolutionGuid = {99029FB5-AD1F-4552-91CC-F562E56AFA39}
	EndGlobalSection
EndGlobal
